
Microsoft Visual Studio Solution File, Format Version 12.00
# Visual Studio Version 17
VisualStudioVersion = 17.1.32328.378
MinimumVisualStudioVersion = 10.0.40219.1
Project("{2150E333-8FDC-42A3-9474-1A3956D46DE8}") = "Core", "Core", "{0E6AF6E1-CD7B-4074-89C3-0728EE73429A}"
EndProject
Project("{2150E333-8FDC-42A3-9474-1A3956D46DE8}") = "UI", "UI", "{9E749C45-5276-47CA-89E5-13101AC20E04}"
EndProject
Project("{9A19103F-16F7-4668-BE54-9A1E7A4F7556}") = "Orchestra.ConApp", "src\UI\Orchestra.ConApp\Orchestra.ConApp.csproj", "{2342FAC9-70D8-4D7C-8737-9BBDEF9CEECE}"
EndProject
Project("{FAE04EC0-301F-11D3-BF4B-00C04F79EFBC}") = "Orchestra.UwpApp", "src\UI\Orchestra.UwpApp\Orchestra.UwpApp.csproj", "{0020687F-FD71-428C-8D9D-8B90D6C0730F}"
EndProject
Project("{FAE04EC0-301F-11D3-BF4B-00C04F79EFBC}") = "Orchestra.Connector", "src\Core\Orchestra.Connector\Orchestra.Connector.csproj", "{786C6D16-76A1-4B17-836B-59A45884EF4F}"
EndProject
Global
	GlobalSection(SolutionConfigurationPlatforms) = preSolution
		Debug|Any CPU = Debug|Any CPU
		Debug|ARM = Debug|ARM
		Debug|ARM64 = Debug|ARM64
		Debug|x64 = Debug|x64
		Debug|x86 = Debug|x86
		Release|Any CPU = Release|Any CPU
		Release|ARM = Release|ARM
		Release|ARM64 = Release|ARM64
		Release|x64 = Release|x64
		Release|x86 = Release|x86
	EndGlobalSection
	GlobalSection(ProjectConfigurationPlatforms) = postSolution
		{2342FAC9-70D8-4D7C-8737-9BBDEF9CEECE}.Debug|Any CPU.ActiveCfg = Debug|Any CPU
		{2342FAC9-70D8-4D7C-8737-9BBDEF9CEECE}.Debug|Any CPU.Build.0 = Debug|Any CPU
		{2342FAC9-70D8-4D7C-8737-9BBDEF9CEECE}.Debug|ARM.ActiveCfg = Debug|Any CPU
		{2342FAC9-70D8-4D7C-8737-9BBDEF9CEECE}.Debug|ARM.Build.0 = Debug|Any CPU
		{2342FAC9-70D8-4D7C-8737-9BBDEF9CEECE}.Debug|ARM64.ActiveCfg = Debug|Any CPU
		{2342FAC9-70D8-4D7C-8737-9BBDEF9CEECE}.Debug|ARM64.Build.0 = Debug|Any CPU
		{2342FAC9-70D8-4D7C-8737-9BBDEF9CEECE}.Debug|x64.ActiveCfg = Debug|Any CPU
		{2342FAC9-70D8-4D7C-8737-9BBDEF9CEECE}.Debug|x64.Build.0 = Debug|Any CPU
		{2342FAC9-70D8-4D7C-8737-9BBDEF9CEECE}.Debug|x86.ActiveCfg = Debug|Any CPU
		{2342FAC9-70D8-4D7C-8737-9BBDEF9CEECE}.Debug|x86.Build.0 = Debug|Any CPU
		{2342FAC9-70D8-4D7C-8737-9BBDEF9CEECE}.Release|Any CPU.ActiveCfg = Release|Any CPU
		{2342FAC9-70D8-4D7C-8737-9BBDEF9CEECE}.Release|Any CPU.Build.0 = Release|Any CPU
		{2342FAC9-70D8-4D7C-8737-9BBDEF9CEECE}.Release|ARM.ActiveCfg = Release|Any CPU
		{2342FAC9-70D8-4D7C-8737-9BBDEF9CEECE}.Release|ARM.Build.0 = Release|Any CPU
		{2342FAC9-70D8-4D7C-8737-9BBDEF9CEECE}.Release|ARM64.ActiveCfg = Release|Any CPU
		{2342FAC9-70D8-4D7C-8737-9BBDEF9CEECE}.Release|ARM64.Build.0 = Release|Any CPU
		{2342FAC9-70D8-4D7C-8737-9BBDEF9CEECE}.Release|x64.ActiveCfg = Release|Any CPU
		{2342FAC9-70D8-4D7C-8737-9BBDEF9CEECE}.Release|x64.Build.0 = Release|Any CPU
		{2342FAC9-70D8-4D7C-8737-9BBDEF9CEECE}.Release|x86.ActiveCfg = Release|Any CPU
		{2342FAC9-70D8-4D7C-8737-9BBDEF9CEECE}.Release|x86.Build.0 = Release|Any CPU
		{0020687F-FD71-428C-8D9D-8B90D6C0730F}.Debug|Any CPU.ActiveCfg = Debug|x64
		{0020687F-FD71-428C-8D9D-8B90D6C0730F}.Debug|Any CPU.Build.0 = Debug|x64
		{0020687F-FD71-428C-8D9D-8B90D6C0730F}.Debug|Any CPU.Deploy.0 = Debug|x64
		{0020687F-FD71-428C-8D9D-8B90D6C0730F}.Debug|ARM.ActiveCfg = Debug|ARM
		{0020687F-FD71-428C-8D9D-8B90D6C0730F}.Debug|ARM.Build.0 = Debug|ARM
		{0020687F-FD71-428C-8D9D-8B90D6C0730F}.Debug|ARM.Deploy.0 = Debug|ARM
		{0020687F-FD71-428C-8D9D-8B90D6C0730F}.Debug|ARM64.ActiveCfg = Debug|ARM64
		{0020687F-FD71-428C-8D9D-8B90D6C0730F}.Debug|ARM64.Build.0 = Debug|ARM64
		{0020687F-FD71-428C-8D9D-8B90D6C0730F}.Debug|ARM64.Deploy.0 = Debug|ARM64
		{0020687F-FD71-428C-8D9D-8B90D6C0730F}.Debug|x64.ActiveCfg = Debug|x64
		{0020687F-FD71-428C-8D9D-8B90D6C0730F}.Debug|x64.Build.0 = Debug|x64
		{0020687F-FD71-428C-8D9D-8B90D6C0730F}.Debug|x64.Deploy.0 = Debug|x64
		{0020687F-FD71-428C-8D9D-8B90D6C0730F}.Debug|x86.ActiveCfg = Debug|x86
		{0020687F-FD71-428C-8D9D-8B90D6C0730F}.Debug|x86.Build.0 = Debug|x86
		{0020687F-FD71-428C-8D9D-8B90D6C0730F}.Debug|x86.Deploy.0 = Debug|x86
		{0020687F-FD71-428C-8D9D-8B90D6C0730F}.Release|Any CPU.ActiveCfg = Release|x64
		{0020687F-FD71-428C-8D9D-8B90D6C0730F}.Release|Any CPU.Build.0 = Release|x64
		{0020687F-FD71-428C-8D9D-8B90D6C0730F}.Release|Any CPU.Deploy.0 = Release|x64
		{0020687F-FD71-428C-8D9D-8B90D6C0730F}.Release|ARM.ActiveCfg = Release|ARM
		{0020687F-FD71-428C-8D9D-8B90D6C0730F}.Release|ARM.Build.0 = Release|ARM
		{0020687F-FD71-428C-8D9D-8B90D6C0730F}.Release|ARM.Deploy.0 = Release|ARM
		{0020687F-FD71-428C-8D9D-8B90D6C0730F}.Release|ARM64.ActiveCfg = Release|ARM64
		{0020687F-FD71-428C-8D9D-8B90D6C0730F}.Release|ARM64.Build.0 = Release|ARM64
		{0020687F-FD71-428C-8D9D-8B90D6C0730F}.Release|ARM64.Deploy.0 = Release|ARM64
		{0020687F-FD71-428C-8D9D-8B90D6C0730F}.Release|x64.ActiveCfg = Release|x64
		{0020687F-FD71-428C-8D9D-8B90D6C0730F}.Release|x64.Build.0 = Release|x64
		{0020687F-FD71-428C-8D9D-8B90D6C0730F}.Release|x64.Deploy.0 = Release|x64
		{0020687F-FD71-428C-8D9D-8B90D6C0730F}.Release|x86.ActiveCfg = Release|x86
		{0020687F-FD71-428C-8D9D-8B90D6C0730F}.Release|x86.Build.0 = Release|x86
		{0020687F-FD71-428C-8D9D-8B90D6C0730F}.Release|x86.Deploy.0 = Release|x86
		{786C6D16-76A1-4B17-836B-59A45884EF4F}.Debug|Any CPU.ActiveCfg = Debug|Any CPU
		{786C6D16-76A1-4B17-836B-59A45884EF4F}.Debug|Any CPU.Build.0 = Debug|Any CPU
		{786C6D16-76A1-4B17-836B-59A45884EF4F}.Debug|ARM.ActiveCfg = Debug|Any CPU
		{786C6D16-76A1-4B17-836B-59A45884EF4F}.Debug|ARM.Build.0 = Debug|Any CPU
		{786C6D16-76A1-4B17-836B-59A45884EF4F}.Debug|ARM64.ActiveCfg = Debug|Any CPU
		{786C6D16-76A1-4B17-836B-59A45884EF4F}.Debug|ARM64.Build.0 = Debug|Any CPU
		{786C6D16-76A1-4B17-836B-59A45884EF4F}.Debug|x64.ActiveCfg = Debug|Any CPU
		{786C6D16-76A1-4B17-836B-59A45884EF4F}.Debug|x64.Build.0 = Debug|Any CPU
		{786C6D16-76A1-4B17-836B-59A45884EF4F}.Debug|x86.ActiveCfg = Debug|Any CPU
		{786C6D16-76A1-4B17-836B-59A45884EF4F}.Debug|x86.Build.0 = Debug|Any CPU
		{786C6D16-76A1-4B17-836B-59A45884EF4F}.Release|Any CPU.ActiveCfg = Release|Any CPU
		{786C6D16-76A1-4B17-836B-59A45884EF4F}.Release|Any CPU.Build.0 = Release|Any CPU
		{786C6D16-76A1-4B17-836B-59A45884EF4F}.Release|ARM.ActiveCfg = Release|Any CPU
		{786C6D16-76A1-4B17-836B-59A45884EF4F}.Release|ARM.Build.0 = Release|Any CPU
		{786C6D16-76A1-4B17-836B-59A45884EF4F}.Release|ARM64.ActiveCfg = Release|Any CPU
		{786C6D16-76A1-4B17-836B-59A45884EF4F}.Release|ARM64.Build.0 = Release|Any CPU
		{786C6D16-76A1-4B17-836B-59A45884EF4F}.Release|x64.ActiveCfg = Release|Any CPU
		{786C6D16-76A1-4B17-836B-59A45884EF4F}.Release|x64.Build.0 = Release|Any CPU
		{786C6D16-76A1-4B17-836B-59A45884EF4F}.Release|x86.ActiveCfg = Release|Any CPU
		{786C6D16-76A1-4B17-836B-59A45884EF4F}.Release|x86.Build.0 = Release|Any CPU
	EndGlobalSection
	GlobalSection(SolutionProperties) = preSolution
		HideSolutionNode = FALSE
	EndGlobalSection
	GlobalSection(NestedProjects) = preSolution
		{2342FAC9-70D8-4D7C-8737-9BBDEF9CEECE} = {9E749C45-5276-47CA-89E5-13101AC20E04}
		{0020687F-FD71-428C-8D9D-8B90D6C0730F} = {9E749C45-5276-47CA-89E5-13101AC20E04}
		{786C6D16-76A1-4B17-836B-59A45884EF4F} = {0E6AF6E1-CD7B-4074-89C3-0728EE73429A}
	EndGlobalSection
	GlobalSection(ExtensibilityGlobals) = postSolution
		SolutionGuid = {0959A84D-D5D9-42A4-940F-7B565EFC0BEE}
	EndGlobalSection
EndGlobal
